
Microsoft Visual Studio Solution File, Format Version 12.00
# Visual Studio Version 16
VisualStudioVersion = 16.0.29613.14
MinimumVisualStudioVersion = 10.0.40219.1
Project("{FAE04EC0-301F-11D3-BF4B-00C04F79EFBC}") = "GtaSuspend", "GtaSuspend\GtaSuspend.csproj", "{36C0A7BF-B3D5-4B83-9D96-62891DF71850}"
EndProject
Global
	GlobalSection(SolutionConfigurationPlatforms) = preSolution
		Debug|Any CPU = Debug|Any CPU
		Errish|Any CPU = Errish|Any CPU
		Release|Any CPU = Release|Any CPU
		Vera|Any CPU = Vera|Any CPU
	EndGlobalSection
	GlobalSection(ProjectConfigurationPlatforms) = postSolution
		{36C0A7BF-B3D5-4B83-9D96-62891DF71850}.Debug|Any CPU.ActiveCfg = Debug|Any CPU
		{36C0A7BF-B3D5-4B83-9D96-62891DF71850}.Debug|Any CPU.Build.0 = Debug|Any CPU
		{36C0A7BF-B3D5-4B83-9D96-62891DF71850}.Errish|Any CPU.ActiveCfg = Errish|Any CPU
		{36C0A7BF-B3D5-4B83-9D96-62891DF71850}.Errish|Any CPU.Build.0 = Errish|Any CPU
		{36C0A7BF-B3D5-4B83-9D96-62891DF71850}.Release|Any CPU.ActiveCfg = Release|Any CPU
		{36C0A7BF-B3D5-4B83-9D96-62891DF71850}.Release|Any CPU.Build.0 = Release|Any CPU
		{36C0A7BF-B3D5-4B83-9D96-62891DF71850}.Vera|Any CPU.ActiveCfg = Vera|Any CPU
		{36C0A7BF-B3D5-4B83-9D96-62891DF71850}.Vera|Any CPU.Build.0 = Vera|Any CPU
	EndGlobalSection
	GlobalSection(SolutionProperties) = preSolution
		HideSolutionNode = FALSE
	EndGlobalSection
	GlobalSection(ExtensibilityGlobals) = postSolution
		SolutionGuid = {BAA658F6-D35A-4831-861F-43D397868C9A}
	EndGlobalSection
EndGlobal
